
Microsoft Visual Studio Solution File, Format Version 12.00
# Visual Studio Version 16
VisualStudioVersion = 16.0.30804.86
MinimumVisualStudioVersion = 10.0.40219.1
Project("{9A19103F-16F7-4668-BE54-9A1E7A4F7556}") = "SampleRabbitMQ", "SampleRabbitMQ.csproj", "{610FC871-DF1F-4C27-A907-08B2706E6FB7}"
EndProject
Project("{FAE04EC0-301F-11D3-BF4B-00C04F79EFBC}") = "SQLLite-demo", "..\SQLLite-demo\SQLLite-demo.csproj", "{A517BBAA-25EB-46A3-B284-9105A4ACC79D}"
EndProject
Global
	GlobalSection(SolutionConfigurationPlatforms) = preSolution
		Debug|Any CPU = Debug|Any CPU
		Release|Any CPU = Release|Any CPU
	EndGlobalSection
	GlobalSection(ProjectConfigurationPlatforms) = postSolution
		{610FC871-DF1F-4C27-A907-08B2706E6FB7}.Debug|Any CPU.ActiveCfg = Debug|Any CPU
		{610FC871-DF1F-4C27-A907-08B2706E6FB7}.Debug|Any CPU.Build.0 = Debug|Any CPU
		{610FC871-DF1F-4C27-A907-08B2706E6FB7}.Release|Any CPU.ActiveCfg = Release|Any CPU
		{610FC871-DF1F-4C27-A907-08B2706E6FB7}.Release|Any CPU.Build.0 = Release|Any CPU
		{A517BBAA-25EB-46A3-B284-9105A4ACC79D}.Debug|Any CPU.ActiveCfg = Debug|Any CPU
		{A517BBAA-25EB-46A3-B284-9105A4ACC79D}.Debug|Any CPU.Build.0 = Debug|Any CPU
		{A517BBAA-25EB-46A3-B284-9105A4ACC79D}.Release|Any CPU.ActiveCfg = Release|Any CPU
		{A517BBAA-25EB-46A3-B284-9105A4ACC79D}.Release|Any CPU.Build.0 = Release|Any CPU
	EndGlobalSection
	GlobalSection(SolutionProperties) = preSolution
		HideSolutionNode = FALSE
	EndGlobalSection
	GlobalSection(ExtensibilityGlobals) = postSolution
		SolutionGuid = {7154D38B-15C7-40DD-94C3-77B3DE95C8A7}
	EndGlobalSection
EndGlobal
